
Microsoft Visual Studio Solution File, Format Version 12.00
# Visual Studio Version 16
VisualStudioVersion = 16.0.28729.10
MinimumVisualStudioVersion = 10.0.40219.1
Project("{FAE04EC0-301F-11D3-BF4B-00C04F79EFBC}") = "Asgn02", "Asgn02\Asgn02.csproj", "{82DE7FA3-B1A7-4498-9D9D-7984B1142DED}"
EndProject
Global
	GlobalSection(SolutionConfigurationPlatforms) = preSolution
		Debug|Any CPU = Debug|Any CPU
		Release|Any CPU = Release|Any CPU
	EndGlobalSection
	GlobalSection(ProjectConfigurationPlatforms) = postSolution
		{82DE7FA3-B1A7-4498-9D9D-7984B1142DED}.Debug|Any CPU.ActiveCfg = Debug|Any CPU
		{82DE7FA3-B1A7-4498-9D9D-7984B1142DED}.Debug|Any CPU.Build.0 = Debug|Any CPU
		{82DE7FA3-B1A7-4498-9D9D-7984B1142DED}.Release|Any CPU.ActiveCfg = Release|Any CPU
		{82DE7FA3-B1A7-4498-9D9D-7984B1142DED}.Release|Any CPU.Build.0 = Release|Any CPU
	EndGlobalSection
	GlobalSection(SolutionProperties) = preSolution
		HideSolutionNode = FALSE
	EndGlobalSection
	GlobalSection(ExtensibilityGlobals) = postSolution
		SolutionGuid = {8296044F-6ABA-4996-BB32-E0695704A596}
	EndGlobalSection
EndGlobal
